
Microsoft Visual Studio Solution File, Format Version 12.00
# Visual Studio Version 17
VisualStudioVersion = 17.14.36221.1 d17.14
MinimumVisualStudioVersion = 10.0.40219.1
Project("{FAE04EC0-301F-11D3-BF4B-00C04F79EFBC}") = "Rendelesek", "Rendelesek\Rendelesek.csproj", "{5D99B741-069E-45B2-AE69-6C6957FAE697}"
EndProject
Global
	GlobalSection(SolutionConfigurationPlatforms) = preSolution
		Debug|Any CPU = Debug|Any CPU
		Release|Any CPU = Release|Any CPU
	EndGlobalSection
	GlobalSection(ProjectConfigurationPlatforms) = postSolution
		{5D99B741-069E-45B2-AE69-6C6957FAE697}.Debug|Any CPU.ActiveCfg = Debug|Any CPU
		{5D99B741-069E-45B2-AE69-6C6957FAE697}.Debug|Any CPU.Build.0 = Debug|Any CPU
		{5D99B741-069E-45B2-AE69-6C6957FAE697}.Release|Any CPU.ActiveCfg = Release|Any CPU
		{5D99B741-069E-45B2-AE69-6C6957FAE697}.Release|Any CPU.Build.0 = Release|Any CPU
	EndGlobalSection
	GlobalSection(SolutionProperties) = preSolution
		HideSolutionNode = FALSE
	EndGlobalSection
	GlobalSection(ExtensibilityGlobals) = postSolution
		SolutionGuid = {E7188B90-4611-4ACE-BDE6-C709296AC6EB}
	EndGlobalSection
EndGlobal
